// !$*UTF8*$!
{
	archiveVersion = 1;
	classes = {
	};
	objectVersion = 46;
	objects = {

/* Begin PBXBuildFile section */
		7935E41316975E6900FA871F /* UIViewAdditions+EX.m in Sources */ = {isa = PBXBuildFile; fileRef = 7935E41216975E6900FA871F /* UIViewAdditions+EX.m */; };
		7935E41416975EC000FA871F /* UIViewAdditions+EX.m in Sources */ = {isa = PBXBuildFile; fileRef = 7935E41216975E6900FA871F /* UIViewAdditions+EX.m */; };
		7935E5011697669B00FA871F /* CKSideBarController.m in Sources */ = {isa = PBXBuildFile; fileRef = 7935E4AF1697669B00FA871F /* CKSideBarController.m */; };
		7935E5021697669B00FA871F /* CKSideBarController.m in Sources */ = {isa = PBXBuildFile; fileRef = 7935E4AF1697669B00FA871F /* CKSideBarController.m */; };
		7935E5031697669B00FA871F /* CKSideBarItem.m in Sources */ = {isa = PBXBuildFile; fileRef = 7935E4B11697669B00FA871F /* CKSideBarItem.m */; };
		7935E5041697669B00FA871F /* CKSideBarItem.m in Sources */ = {isa = PBXBuildFile; fileRef = 7935E4B11697669B00FA871F /* CKSideBarItem.m */; };
		7935E5051697669B00FA871F /* default-tabbar-icon.png in Resources */ = {isa = PBXBuildFile; fileRef = 7935E4B31697669B00FA871F /* default-tabbar-icon.png */; };
		7935E5061697669B00FA871F /* default-tabbar-icon.png in Resources */ = {isa = PBXBuildFile; fileRef = 7935E4B31697669B00FA871F /* default-tabbar-icon.png */; };
		7935E5071697669B00FA871F /* default-tabbar-icon@2x.png in Resources */ = {isa = PBXBuildFile; fileRef = 7935E4B41697669B00FA871F /* default-tabbar-icon@2x.png */; };
		7935E5081697669B00FA871F /* default-tabbar-icon@2x.png in Resources */ = {isa = PBXBuildFile; fileRef = 7935E4B41697669B00FA871F /* default-tabbar-icon@2x.png */; };
		7935E5091697669B00FA871F /* rough_diagonal.png in Resources */ = {isa = PBXBuildFile; fileRef = 7935E4B51697669B00FA871F /* rough_diagonal.png */; };
		7935E50A1697669B00FA871F /* rough_diagonal.png in Resources */ = {isa = PBXBuildFile; fileRef = 7935E4B51697669B00FA871F /* rough_diagonal.png */; };
		7935E50B1697669B00FA871F /* rough_diagonal@2x.png in Resources */ = {isa = PBXBuildFile; fileRef = 7935E4B61697669B00FA871F /* rough_diagonal@2x.png */; };
		7935E50C1697669B00FA871F /* rough_diagonal@2x.png in Resources */ = {isa = PBXBuildFile; fileRef = 7935E4B61697669B00FA871F /* rough_diagonal@2x.png */; };
		7935E50D1697669B00FA871F /* selected-image-background.png in Resources */ = {isa = PBXBuildFile; fileRef = 7935E4B71697669B00FA871F /* selected-image-background.png */; };
		7935E50E1697669B00FA871F /* selected-image-background.png in Resources */ = {isa = PBXBuildFile; fileRef = 7935E4B71697669B00FA871F /* selected-image-background.png */; };
		7935E50F1697669B00FA871F /* selected-image-background@2x.png in Resources */ = {isa = PBXBuildFile; fileRef = 7935E4B81697669B00FA871F /* selected-image-background@2x.png */; };
		7935E5101697669B00FA871F /* selected-image-background@2x.png in Resources */ = {isa = PBXBuildFile; fileRef = 7935E4B81697669B00FA871F /* selected-image-background@2x.png */; };
		7935E5111697669B00FA871F /* tabbar-glow.png in Resources */ = {isa = PBXBuildFile; fileRef = 7935E4B91697669B00FA871F /* tabbar-glow.png */; };
		7935E5121697669B00FA871F /* tabbar-glow.png in Resources */ = {isa = PBXBuildFile; fileRef = 7935E4B91697669B00FA871F /* tabbar-glow.png */; };
		7935E5131697669B00FA871F /* tabbar-glow@2x.png in Resources */ = {isa = PBXBuildFile; fileRef = 7935E4BA1697669B00FA871F /* tabbar-glow@2x.png */; };
		7935E5141697669B00FA871F /* tabbar-glow@2x.png in Resources */ = {isa = PBXBuildFile; fileRef = 7935E4BA1697669B00FA871F /* tabbar-glow@2x.png */; };
		7935E5411697671B00FA871F /* MNMRadioGroupSelected.png in Resources */ = {isa = PBXBuildFile; fileRef = 7935E5391697671B00FA871F /* MNMRadioGroupSelected.png */; };
		7935E5421697671B00FA871F /* MNMRadioGroupSelected.png in Resources */ = {isa = PBXBuildFile; fileRef = 7935E5391697671B00FA871F /* MNMRadioGroupSelected.png */; };
		7935E5431697671B00FA871F /* MNMRadioGroupSelected@2x.png in Resources */ = {isa = PBXBuildFile; fileRef = 7935E53A1697671B00FA871F /* MNMRadioGroupSelected@2x.png */; };
		7935E5441697671B00FA871F /* MNMRadioGroupSelected@2x.png in Resources */ = {isa = PBXBuildFile; fileRef = 7935E53A1697671B00FA871F /* MNMRadioGroupSelected@2x.png */; };
		7935E5451697671B00FA871F /* MNMRadioGroupUnselected.png in Resources */ = {isa = PBXBuildFile; fileRef = 7935E53B1697671B00FA871F /* MNMRadioGroupUnselected.png */; };
		7935E5461697671B00FA871F /* MNMRadioGroupUnselected.png in Resources */ = {isa = PBXBuildFile; fileRef = 7935E53B1697671B00FA871F /* MNMRadioGroupUnselected.png */; };
		7935E5471697671B00FA871F /* MNMRadioGroupUnselected@2x.png in Resources */ = {isa = PBXBuildFile; fileRef = 7935E53C1697671B00FA871F /* MNMRadioGroupUnselected@2x.png */; };
		7935E5481697671B00FA871F /* MNMRadioGroupUnselected@2x.png in Resources */ = {isa = PBXBuildFile; fileRef = 7935E53C1697671B00FA871F /* MNMRadioGroupUnselected@2x.png */; };
		7935E5491697671B00FA871F /* MNMRadioGroup.m in Sources */ = {isa = PBXBuildFile; fileRef = 7935E53E1697671B00FA871F /* MNMRadioGroup.m */; };
		7935E54A1697671B00FA871F /* MNMRadioGroup.m in Sources */ = {isa = PBXBuildFile; fileRef = 7935E53E1697671B00FA871F /* MNMRadioGroup.m */; };
		7935E54B1697671B00FA871F /* MNMRadioGroupValue.m in Sources */ = {isa = PBXBuildFile; fileRef = 7935E5401697671B00FA871F /* MNMRadioGroupValue.m */; };
		7935E54C1697671B00FA871F /* MNMRadioGroupValue.m in Sources */ = {isa = PBXBuildFile; fileRef = 7935E5401697671B00FA871F /* MNMRadioGroupValue.m */; };
		7935E55016978C8C00FA871F /* Localizable.strings in Resources */ = {isa = PBXBuildFile; fileRef = 7935E55316978C8C00FA871F /* Localizable.strings */; };
		7935E55116978C8C00FA871F /* Localizable.strings in Resources */ = {isa = PBXBuildFile; fileRef = 7935E55316978C8C00FA871F /* Localizable.strings */; };
		7935E55816978DA300FA871F /* QIDS.plist in Resources */ = {isa = PBXBuildFile; fileRef = 7935E55B16978DA300FA871F /* QIDS.plist */; };
		7935E55916978DA300FA871F /* QIDS.plist in Resources */ = {isa = PBXBuildFile; fileRef = 7935E55B16978DA300FA871F /* QIDS.plist */; };
		7935E5C71697A1C100FA871F /* EXTrackVC.m in Sources */ = {isa = PBXBuildFile; fileRef = 7935E5C61697A1C100FA871F /* EXTrackVC.m */; };
		7935E5C81697A1C100FA871F /* EXTrackVC.m in Sources */ = {isa = PBXBuildFile; fileRef = 7935E5C61697A1C100FA871F /* EXTrackVC.m */; };
		7935E5CD1697A39E00FA871F /* EXAnalyzeVC.m in Sources */ = {isa = PBXBuildFile; fileRef = 7935E5CC1697A39E00FA871F /* EXAnalyzeVC.m */; };
		7935E5CE1697A39E00FA871F /* EXAnalyzeVC.m in Sources */ = {isa = PBXBuildFile; fileRef = 7935E5CC1697A39E00FA871F /* EXAnalyzeVC.m */; };
		7935E5D11697A3C700FA871F /* EXImproveVC.m in Sources */ = {isa = PBXBuildFile; fileRef = 7935E5D01697A3C700FA871F /* EXImproveVC.m */; };
		7935E5D21697A3C700FA871F /* EXImproveVC.m in Sources */ = {isa = PBXBuildFile; fileRef = 7935E5D01697A3C700FA871F /* EXImproveVC.m */; };
		7935E5D51698882300FA871F /* greyfloral@2X.png in Resources */ = {isa = PBXBuildFile; fileRef = 7935E5D31698882200FA871F /* greyfloral@2X.png */; };
		7935E5D61698882300FA871F /* greyfloral@2X.png in Resources */ = {isa = PBXBuildFile; fileRef = 7935E5D31698882200FA871F /* greyfloral@2X.png */; };
		7935E5D71698882300FA871F /* greyfloral.png in Resources */ = {isa = PBXBuildFile; fileRef = 7935E5D41698882200FA871F /* greyfloral.png */; };
		7935E5D81698882300FA871F /* greyfloral.png in Resources */ = {isa = PBXBuildFile; fileRef = 7935E5D41698882200FA871F /* greyfloral.png */; };
		7935E5DB1698882E00FA871F /* crisp_paper_ruffles@2X.png in Resources */ = {isa = PBXBuildFile; fileRef = 7935E5D91698882D00FA871F /* crisp_paper_ruffles@2X.png */; };
		7935E5DC1698882E00FA871F /* crisp_paper_ruffles@2X.png in Resources */ = {isa = PBXBuildFile; fileRef = 7935E5D91698882D00FA871F /* crisp_paper_ruffles@2X.png */; };
		7935E5DD1698882E00FA871F /* crisp_paper_ruffles.png in Resources */ = {isa = PBXBuildFile; fileRef = 7935E5DA1698882E00FA871F /* crisp_paper_ruffles.png */; };
		7935E5DE1698882E00FA871F /* crisp_paper_ruffles.png in Resources */ = {isa = PBXBuildFile; fileRef = 7935E5DA1698882E00FA871F /* crisp_paper_ruffles.png */; };
		7949225616A0586F00351741 /* EXUserComManager.m in Sources */ = {isa = PBXBuildFile; fileRef = 7949225516A0586F00351741 /* EXUserComManager.m */; };
		7949228316A0795600351741 /* NSAttributedString+MGTrim.m in Sources */ = {isa = PBXBuildFile; fileRef = 7949226216A0795600351741 /* NSAttributedString+MGTrim.m */; };
		7949228416A0795600351741 /* NSObject+MGEvents.m in Sources */ = {isa = PBXBuildFile; fileRef = 7949226416A0795600351741 /* NSObject+MGEvents.m */; };
		7949228516A0795600351741 /* UIColor+MGExpanded.m in Sources */ = {isa = PBXBuildFile; fileRef = 7949226616A0795600351741 /* UIColor+MGExpanded.m */; };
		7949228616A0795600351741 /* UIControl+MGEvents.m in Sources */ = {isa = PBXBuildFile; fileRef = 7949226816A0795600351741 /* UIControl+MGEvents.m */; };
		7949228716A0795600351741 /* UIResponder+FirstResponder.m in Sources */ = {isa = PBXBuildFile; fileRef = 7949226A16A0795600351741 /* UIResponder+FirstResponder.m */; };
		7949228816A0795600351741 /* UIView+MGEasyFrame.m in Sources */ = {isa = PBXBuildFile; fileRef = 7949226C16A0795600351741 /* UIView+MGEasyFrame.m */; };
		7949228916A0795600351741 /* MGBlockWrapper.m in Sources */ = {isa = PBXBuildFile; fileRef = 7949226F16A0795600351741 /* MGBlockWrapper.m */; };
		7949228A16A0795600351741 /* MGBox.m in Sources */ = {isa = PBXBuildFile; fileRef = 7949227116A0795600351741 /* MGBox.m */; };
		7949228B16A0795600351741 /* MGButton.m in Sources */ = {isa = PBXBuildFile; fileRef = 7949227316A0795600351741 /* MGButton.m */; };
		7949228C16A0795600351741 /* MGLayoutManager.m in Sources */ = {isa = PBXBuildFile; fileRef = 7949227616A0795600351741 /* MGLayoutManager.m */; };
		7949228D16A0795600351741 /* MGLine.m in Sources */ = {isa = PBXBuildFile; fileRef = 7949227816A0795600351741 /* MGLine.m */; };
		7949228E16A0795600351741 /* MGLineStyled.m in Sources */ = {isa = PBXBuildFile; fileRef = 7949227A16A0795600351741 /* MGLineStyled.m */; };
		7949228F16A0795600351741 /* MGMushParser.m in Sources */ = {isa = PBXBuildFile; fileRef = 7949227C16A0795600351741 /* MGMushParser.m */; };
		7949229016A0795600351741 /* MGScrollView.m in Sources */ = {isa = PBXBuildFile; fileRef = 7949227E16A0795600351741 /* MGScrollView.m */; };
		7949229116A0795600351741 /* MGTableBox.m in Sources */ = {isa = PBXBuildFile; fileRef = 7949228016A0795600351741 /* MGTableBox.m */; };
		7949229216A0795600351741 /* MGTableBoxStyled.m in Sources */ = {isa = PBXBuildFile; fileRef = 7949228216A0795600351741 /* MGTableBoxStyled.m */; };
		7949229716A079AC00351741 /* CoreText.framework in Frameworks */ = {isa = PBXBuildFile; fileRef = 7949229316A0799900351741 /* CoreText.framework */; };
		7949229816A079AC00351741 /* QuartzCore.framework in Frameworks */ = {isa = PBXBuildFile; fileRef = 7949229416A0799900351741 /* QuartzCore.framework */; };
		794922B016A079BF00351741 /* EXTabVC.m in Sources */ = {isa = PBXBuildFile; fileRef = 794922AF16A079BF00351741 /* EXTabVC.m */; };
		794922B116A079BF00351741 /* EXTabVC.m in Sources */ = {isa = PBXBuildFile; fileRef = 794922AF16A079BF00351741 /* EXTabVC.m */; };
		79A6E3C316973E5B00AA68D7 /* UIKit.framework in Frameworks */ = {isa = PBXBuildFile; fileRef = 79A6E3C216973E5B00AA68D7 /* UIKit.framework */; };
		79A6E3C516973E5B00AA68D7 /* Foundation.framework in Frameworks */ = {isa = PBXBuildFile; fileRef = 79A6E3C416973E5B00AA68D7 /* Foundation.framework */; };
		79A6E3C716973E5B00AA68D7 /* CoreGraphics.framework in Frameworks */ = {isa = PBXBuildFile; fileRef = 79A6E3C616973E5B00AA68D7 /* CoreGraphics.framework */; };
		79A6E3C916973E5B00AA68D7 /* CoreData.framework in Frameworks */ = {isa = PBXBuildFile; fileRef = 79A6E3C816973E5B00AA68D7 /* CoreData.framework */; };
		79A6E3CF16973E5B00AA68D7 /* InfoPlist.strings in Resources */ = {isa = PBXBuildFile; fileRef = 79A6E3CD16973E5B00AA68D7 /* InfoPlist.strings */; };
		79A6E3D116973E5B00AA68D7 /* main.m in Sources */ = {isa = PBXBuildFile; fileRef = 79A6E3D016973E5B00AA68D7 /* main.m */; };
		79A6E3D516973E5B00AA68D7 /* EXAppDelegate.m in Sources */ = {isa = PBXBuildFile; fileRef = 79A6E3D416973E5B00AA68D7 /* EXAppDelegate.m */; };
		79A6E3D716973E5B00AA68D7 /* Default.png in Resources */ = {isa = PBXBuildFile; fileRef = 79A6E3D616973E5B00AA68D7 /* Default.png */; };
		79A6E3D916973E5B00AA68D7 /* Default@2x.png in Resources */ = {isa = PBXBuildFile; fileRef = 79A6E3D816973E5B00AA68D7 /* Default@2x.png */; };
		79A6E3DB16973E5B00AA68D7 /* Default-568h@2x.png in Resources */ = {isa = PBXBuildFile; fileRef = 79A6E3DA16973E5B00AA68D7 /* Default-568h@2x.png */; };
		79A6E3DE16973E5B00AA68D7 /* Feel_Better__Depression.xcdatamodeld in Sources */ = {isa = PBXBuildFile; fileRef = 79A6E3DC16973E5B00AA68D7 /* Feel_Better__Depression.xcdatamodeld */; };
		79A6E3E616973E5B00AA68D7 /* SenTestingKit.framework in Frameworks */ = {isa = PBXBuildFile; fileRef = 79A6E3E516973E5B00AA68D7 /* SenTestingKit.framework */; };
		79A6E3E716973E5B00AA68D7 /* UIKit.framework in Frameworks */ = {isa = PBXBuildFile; fileRef = 79A6E3C216973E5B00AA68D7 /* UIKit.framework */; };
		79A6E3E816973E5B00AA68D7 /* Foundation.framework in Frameworks */ = {isa = PBXBuildFile; fileRef = 79A6E3C416973E5B00AA68D7 /* Foundation.framework */; };
		79A6E3E916973E5B00AA68D7 /* CoreData.framework in Frameworks */ = {isa = PBXBuildFile; fileRef = 79A6E3C816973E5B00AA68D7 /* CoreData.framework */; };
		79A6E3F116973E5B00AA68D7 /* InfoPlist.strings in Resources */ = {isa = PBXBuildFile; fileRef = 79A6E3EF16973E5B00AA68D7 /* InfoPlist.strings */; };
		79A6E3F416973E5B00AA68D7 /* Feel_Better__DepressionTests.m in Sources */ = {isa = PBXBuildFile; fileRef = 79A6E3F316973E5B00AA68D7 /* Feel_Better__DepressionTests.m */; };
		79B5EBE11698DED8009D7FB9 /* EXQIDSManager.m in Sources */ = {isa = PBXBuildFile; fileRef = 79B5EBE01698DED8009D7FB9 /* EXQIDSManager.m */; };
		79B5EBE21698DED8009D7FB9 /* EXQIDSManager.m in Sources */ = {isa = PBXBuildFile; fileRef = 79B5EBE01698DED8009D7FB9 /* EXQIDSManager.m */; };
		79B5EBE516990390009D7FB9 /* EXQIDSSubmission.m in Sources */ = {isa = PBXBuildFile; fileRef = 79B5EBE416990390009D7FB9 /* EXQIDSSubmission.m */; };
		79B5EBE616990390009D7FB9 /* EXQIDSSubmission.m in Sources */ = {isa = PBXBuildFile; fileRef = 79B5EBE416990390009D7FB9 /* EXQIDSSubmission.m */; };
		79C024DA16A085A300EC138F /* EXUserComManager.m in Sources */ = {isa = PBXBuildFile; fileRef = 7949225516A0586F00351741 /* EXUserComManager.m */; };
		79C024E716A09BA400EC138F /* EXAuthor.m in Sources */ = {isa = PBXBuildFile; fileRef = 79C024E616A09BA400EC138F /* EXAuthor.m */; };
		79C024EA16A0A60100EC138F /* disclosureArrow.png in Resources */ = {isa = PBXBuildFile; fileRef = 79C024E816A0A60100EC138F /* disclosureArrow.png */; };
		79C024EB16A0A60100EC138F /* disclosureArrow@2x.png in Resources */ = {isa = PBXBuildFile; fileRef = 79C024E916A0A60100EC138F /* disclosureArrow@2x.png */; };
		79C024EE16A0A7EB00EC138F /* exoTiledContentViewController.m in Sources */ = {isa = PBXBuildFile; fileRef = 79C024ED16A0A7EB00EC138F /* exoTiledContentViewController.m */; };
/* End PBXBuildFile section */

/* Begin PBXContainerItemProxy section */
		79A6E3EA16973E5B00AA68D7 /* PBXContainerItemProxy */ = {
			isa = PBXContainerItemProxy;
			containerPortal = 79A6E3B516973E5B00AA68D7 /* Project object */;
			proxyType = 1;
			remoteGlobalIDString = 79A6E3BD16973E5B00AA68D7;
			remoteInfo = "Feel Better: Depression";
		};
/* End PBXContainerItemProxy section */

/* Begin PBXFileReference section */
		7935E41116975E6900FA871F /* UIViewAdditions+EX.h */ = {isa = PBXFileReference; fileEncoding = 4; lastKnownFileType = sourcecode.c.h; path = "UIViewAdditions+EX.h"; sourceTree = "<group>"; };
		7935E41216975E6900FA871F /* UIViewAdditions+EX.m */ = {isa = PBXFileReference; fileEncoding = 4; lastKnownFileType = sourcecode.c.objc; path = "UIViewAdditions+EX.m"; sourceTree = "<group>"; };
		7935E4AE1697669B00FA871F /* CKSideBarController.h */ = {isa = PBXFileReference; fileEncoding = 4; lastKnownFileType = sourcecode.c.h; name = CKSideBarController.h; path = Source/CKSideBarController.h; sourceTree = "<group>"; };
		7935E4AF1697669B00FA871F /* CKSideBarController.m */ = {isa = PBXFileReference; fileEncoding = 4; lastKnownFileType = sourcecode.c.objc; name = CKSideBarController.m; path = Source/CKSideBarController.m; sourceTree = "<group>"; };
		7935E4B01697669B00FA871F /* CKSideBarItem.h */ = {isa = PBXFileReference; fileEncoding = 4; lastKnownFileType = sourcecode.c.h; name = CKSideBarItem.h; path = Source/CKSideBarItem.h; sourceTree = "<group>"; };
		7935E4B11697669B00FA871F /* CKSideBarItem.m */ = {isa = PBXFileReference; fileEncoding = 4; lastKnownFileType = sourcecode.c.objc; name = CKSideBarItem.m; path = Source/CKSideBarItem.m; sourceTree = "<group>"; };
		7935E4B31697669B00FA871F /* default-tabbar-icon.png */ = {isa = PBXFileReference; lastKnownFileType = image.png; path = "default-tabbar-icon.png"; sourceTree = "<group>"; };
		7935E4B41697669B00FA871F /* default-tabbar-icon@2x.png */ = {isa = PBXFileReference; lastKnownFileType = image.png; path = "default-tabbar-icon@2x.png"; sourceTree = "<group>"; };
		7935E4B51697669B00FA871F /* rough_diagonal.png */ = {isa = PBXFileReference; lastKnownFileType = image.png; path = rough_diagonal.png; sourceTree = "<group>"; };
		7935E4B61697669B00FA871F /* rough_diagonal@2x.png */ = {isa = PBXFileReference; lastKnownFileType = image.png; path = "rough_diagonal@2x.png"; sourceTree = "<group>"; };
		7935E4B71697669B00FA871F /* selected-image-background.png */ = {isa = PBXFileReference; lastKnownFileType = image.png; path = "selected-image-background.png"; sourceTree = "<group>"; };
		7935E4B81697669B00FA871F /* selected-image-background@2x.png */ = {isa = PBXFileReference; lastKnownFileType = image.png; path = "selected-image-background@2x.png"; sourceTree = "<group>"; };
		7935E4B91697669B00FA871F /* tabbar-glow.png */ = {isa = PBXFileReference; lastKnownFileType = image.png; path = "tabbar-glow.png"; sourceTree = "<group>"; };
		7935E4BA1697669B00FA871F /* tabbar-glow@2x.png */ = {isa = PBXFileReference; lastKnownFileType = image.png; path = "tabbar-glow@2x.png"; sourceTree = "<group>"; };
		7935E5391697671B00FA871F /* MNMRadioGroupSelected.png */ = {isa = PBXFileReference; lastKnownFileType = image.png; path = MNMRadioGroupSelected.png; sourceTree = "<group>"; };
		7935E53A1697671B00FA871F /* MNMRadioGroupSelected@2x.png */ = {isa = PBXFileReference; lastKnownFileType = image.png; path = "MNMRadioGroupSelected@2x.png"; sourceTree = "<group>"; };
		7935E53B1697671B00FA871F /* MNMRadioGroupUnselected.png */ = {isa = PBXFileReference; lastKnownFileType = image.png; path = MNMRadioGroupUnselected.png; sourceTree = "<group>"; };
		7935E53C1697671B00FA871F /* MNMRadioGroupUnselected@2x.png */ = {isa = PBXFileReference; lastKnownFileType = image.png; path = "MNMRadioGroupUnselected@2x.png"; sourceTree = "<group>"; };
		7935E53D1697671B00FA871F /* MNMRadioGroup.h */ = {isa = PBXFileReference; fileEncoding = 4; lastKnownFileType = sourcecode.c.h; path = MNMRadioGroup.h; sourceTree = "<group>"; };
		7935E53E1697671B00FA871F /* MNMRadioGroup.m */ = {isa = PBXFileReference; fileEncoding = 4; lastKnownFileType = sourcecode.c.objc; path = MNMRadioGroup.m; sourceTree = "<group>"; };
		7935E53F1697671B00FA871F /* MNMRadioGroupValue.h */ = {isa = PBXFileReference; fileEncoding = 4; lastKnownFileType = sourcecode.c.h; path = MNMRadioGroupValue.h; sourceTree = "<group>"; };
		7935E5401697671B00FA871F /* MNMRadioGroupValue.m */ = {isa = PBXFileReference; fileEncoding = 4; lastKnownFileType = sourcecode.c.objc; path = MNMRadioGroupValue.m; sourceTree = "<group>"; };
		7935E55216978C8C00FA871F /* en */ = {isa = PBXFileReference; lastKnownFileType = text.plist.strings; name = en; path = en.lproj/Localizable.strings; sourceTree = "<group>"; };
		7935E55A16978DA300FA871F /* en */ = {isa = PBXFileReference; lastKnownFileType = text.plist.xml; name = en; path = en.lproj/QIDS.plist; sourceTree = "<group>"; };
		7935E5C51697A1C100FA871F /* EXTrackVC.h */ = {isa = PBXFileReference; fileEncoding = 4; lastKnownFileType = sourcecode.c.h; path = EXTrackVC.h; sourceTree = "<group>"; };
		7935E5C61697A1C100FA871F /* EXTrackVC.m */ = {isa = PBXFileReference; fileEncoding = 4; lastKnownFileType = sourcecode.c.objc; path = EXTrackVC.m; sourceTree = "<group>"; };
		7935E5CB1697A39E00FA871F /* EXAnalyzeVC.h */ = {isa = PBXFileReference; fileEncoding = 4; lastKnownFileType = sourcecode.c.h; path = EXAnalyzeVC.h; sourceTree = "<group>"; };
		7935E5CC1697A39E00FA871F /* EXAnalyzeVC.m */ = {isa = PBXFileReference; fileEncoding = 4; lastKnownFileType = sourcecode.c.objc; path = EXAnalyzeVC.m; sourceTree = "<group>"; };
		7935E5CF1697A3C700FA871F /* EXImproveVC.h */ = {isa = PBXFileReference; fileEncoding = 4; lastKnownFileType = sourcecode.c.h; path = EXImproveVC.h; sourceTree = "<group>"; };
		7935E5D01697A3C700FA871F /* EXImproveVC.m */ = {isa = PBXFileReference; fileEncoding = 4; lastKnownFileType = sourcecode.c.objc; path = EXImproveVC.m; sourceTree = "<group>"; };
		7935E5D31698882200FA871F /* greyfloral@2X.png */ = {isa = PBXFileReference; lastKnownFileType = image.png; path = "greyfloral@2X.png"; sourceTree = "<group>"; };
		7935E5D41698882200FA871F /* greyfloral.png */ = {isa = PBXFileReference; lastKnownFileType = image.png; path = greyfloral.png; sourceTree = "<group>"; };
		7935E5D91698882D00FA871F /* crisp_paper_ruffles@2X.png */ = {isa = PBXFileReference; lastKnownFileType = image.png; path = "crisp_paper_ruffles@2X.png"; sourceTree = "<group>"; };
		7935E5DA1698882E00FA871F /* crisp_paper_ruffles.png */ = {isa = PBXFileReference; lastKnownFileType = image.png; path = crisp_paper_ruffles.png; sourceTree = "<group>"; };
		7949225416A0586F00351741 /* EXUserComManager.h */ = {isa = PBXFileReference; fileEncoding = 4; lastKnownFileType = sourcecode.c.h; path = EXUserComManager.h; sourceTree = "<group>"; };
		7949225516A0586F00351741 /* EXUserComManager.m */ = {isa = PBXFileReference; fileEncoding = 4; lastKnownFileType = sourcecode.c.objc; path = EXUserComManager.m; sourceTree = "<group>"; };
		7949226116A0795600351741 /* NSAttributedString+MGTrim.h */ = {isa = PBXFileReference; fileEncoding = 4; lastKnownFileType = sourcecode.c.h; path = "NSAttributedString+MGTrim.h"; sourceTree = "<group>"; };
		7949226216A0795600351741 /* NSAttributedString+MGTrim.m */ = {isa = PBXFileReference; fileEncoding = 4; lastKnownFileType = sourcecode.c.objc; path = "NSAttributedString+MGTrim.m"; sourceTree = "<group>"; };
		7949226316A0795600351741 /* NSObject+MGEvents.h */ = {isa = PBXFileReference; fileEncoding = 4; lastKnownFileType = sourcecode.c.h; path = "NSObject+MGEvents.h"; sourceTree = "<group>"; };
		7949226416A0795600351741 /* NSObject+MGEvents.m */ = {isa = PBXFileReference; fileEncoding = 4; lastKnownFileType = sourcecode.c.objc; path = "NSObject+MGEvents.m"; sourceTree = "<group>"; };
		7949226516A0795600351741 /* UIColor+MGExpanded.h */ = {isa = PBXFileReference; fileEncoding = 4; lastKnownFileType = sourcecode.c.h; path = "UIColor+MGExpanded.h"; sourceTree = "<group>"; };
		7949226616A0795600351741 /* UIColor+MGExpanded.m */ = {isa = PBXFileReference; fileEncoding = 4; lastKnownFileType = sourcecode.c.objc; path = "UIColor+MGExpanded.m"; sourceTree = "<group>"; };
		7949226716A0795600351741 /* UIControl+MGEvents.h */ = {isa = PBXFileReference; fileEncoding = 4; lastKnownFileType = sourcecode.c.h; path = "UIControl+MGEvents.h"; sourceTree = "<group>"; };
		7949226816A0795600351741 /* UIControl+MGEvents.m */ = {isa = PBXFileReference; fileEncoding = 4; lastKnownFileType = sourcecode.c.objc; path = "UIControl+MGEvents.m"; sourceTree = "<group>"; };
		7949226916A0795600351741 /* UIResponder+FirstResponder.h */ = {isa = PBXFileReference; fileEncoding = 4; lastKnownFileType = sourcecode.c.h; path = "UIResponder+FirstResponder.h"; sourceTree = "<group>"; };
		7949226A16A0795600351741 /* UIResponder+FirstResponder.m */ = {isa = PBXFileReference; fileEncoding = 4; lastKnownFileType = sourcecode.c.objc; path = "UIResponder+FirstResponder.m"; sourceTree = "<group>"; };
		7949226B16A0795600351741 /* UIView+MGEasyFrame.h */ = {isa = PBXFileReference; fileEncoding = 4; lastKnownFileType = sourcecode.c.h; path = "UIView+MGEasyFrame.h"; sourceTree = "<group>"; };
		7949226C16A0795600351741 /* UIView+MGEasyFrame.m */ = {isa = PBXFileReference; fileEncoding = 4; lastKnownFileType = sourcecode.c.objc; path = "UIView+MGEasyFrame.m"; sourceTree = "<group>"; };
		7949226D16A0795600351741 /* MGBase.h */ = {isa = PBXFileReference; fileEncoding = 4; lastKnownFileType = sourcecode.c.h; path = MGBase.h; sourceTree = "<group>"; };
		7949226E16A0795600351741 /* MGBlockWrapper.h */ = {isa = PBXFileReference; fileEncoding = 4; lastKnownFileType = sourcecode.c.h; path = MGBlockWrapper.h; sourceTree = "<group>"; };
		7949226F16A0795600351741 /* MGBlockWrapper.m */ = {isa = PBXFileReference; fileEncoding = 4; lastKnownFileType = sourcecode.c.objc; path = MGBlockWrapper.m; sourceTree = "<group>"; };
		7949227016A0795600351741 /* MGBox.h */ = {isa = PBXFileReference; fileEncoding = 4; lastKnownFileType = sourcecode.c.h; path = MGBox.h; sourceTree = "<group>"; };
		7949227116A0795600351741 /* MGBox.m */ = {isa = PBXFileReference; fileEncoding = 4; lastKnownFileType = sourcecode.c.objc; path = MGBox.m; sourceTree = "<group>"; };
		7949227216A0795600351741 /* MGButton.h */ = {isa = PBXFileReference; fileEncoding = 4; lastKnownFileType = sourcecode.c.h; path = MGButton.h; sourceTree = "<group>"; };
		7949227316A0795600351741 /* MGButton.m */ = {isa = PBXFileReference; fileEncoding = 4; lastKnownFileType = sourcecode.c.objc; path = MGButton.m; sourceTree = "<group>"; };
		7949227416A0795600351741 /* MGLayoutBox.h */ = {isa = PBXFileReference; fileEncoding = 4; lastKnownFileType = sourcecode.c.h; path = MGLayoutBox.h; sourceTree = "<group>"; };
		7949227516A0795600351741 /* MGLayoutManager.h */ = {isa = PBXFileReference; fileEncoding = 4; lastKnownFileType = sourcecode.c.h; path = MGLayoutManager.h; sourceTree = "<group>"; };
		7949227616A0795600351741 /* MGLayoutManager.m */ = {isa = PBXFileReference; fileEncoding = 4; lastKnownFileType = sourcecode.c.objc; path = MGLayoutManager.m; sourceTree = "<group>"; };
		7949227716A0795600351741 /* MGLine.h */ = {isa = PBXFileReference; fileEncoding = 4; lastKnownFileType = sourcecode.c.h; path = MGLine.h; sourceTree = "<group>"; };
		7949227816A0795600351741 /* MGLine.m */ = {isa = PBXFileReference; fileEncoding = 4; lastKnownFileType = sourcecode.c.objc; path = MGLine.m; sourceTree = "<group>"; };
		7949227916A0795600351741 /* MGLineStyled.h */ = {isa = PBXFileReference; fileEncoding = 4; lastKnownFileType = sourcecode.c.h; path = MGLineStyled.h; sourceTree = "<group>"; };
		7949227A16A0795600351741 /* MGLineStyled.m */ = {isa = PBXFileReference; fileEncoding = 4; lastKnownFileType = sourcecode.c.objc; path = MGLineStyled.m; sourceTree = "<group>"; };
		7949227B16A0795600351741 /* MGMushParser.h */ = {isa = PBXFileReference; fileEncoding = 4; lastKnownFileType = sourcecode.c.h; path = MGMushParser.h; sourceTree = "<group>"; };
		7949227C16A0795600351741 /* MGMushParser.m */ = {isa = PBXFileReference; fileEncoding = 4; lastKnownFileType = sourcecode.c.objc; path = MGMushParser.m; sourceTree = "<group>"; };
		7949227D16A0795600351741 /* MGScrollView.h */ = {isa = PBXFileReference; fileEncoding = 4; lastKnownFileType = sourcecode.c.h; path = MGScrollView.h; sourceTree = "<group>"; };
		7949227E16A0795600351741 /* MGScrollView.m */ = {isa = PBXFileReference; fileEncoding = 4; lastKnownFileType = sourcecode.c.objc; path = MGScrollView.m; sourceTree = "<group>"; };
		7949227F16A0795600351741 /* MGTableBox.h */ = {isa = PBXFileReference; fileEncoding = 4; lastKnownFileType = sourcecode.c.h; path = MGTableBox.h; sourceTree = "<group>"; };
		7949228016A0795600351741 /* MGTableBox.m */ = {isa = PBXFileReference; fileEncoding = 4; lastKnownFileType = sourcecode.c.objc; path = MGTableBox.m; sourceTree = "<group>"; };
		7949228116A0795600351741 /* MGTableBoxStyled.h */ = {isa = PBXFileReference; fileEncoding = 4; lastKnownFileType = sourcecode.c.h; path = MGTableBoxStyled.h; sourceTree = "<group>"; };
		7949228216A0795600351741 /* MGTableBoxStyled.m */ = {isa = PBXFileReference; fileEncoding = 4; lastKnownFileType = sourcecode.c.objc; path = MGTableBoxStyled.m; sourceTree = "<group>"; };
		7949229316A0799900351741 /* CoreText.framework */ = {isa = PBXFileReference; lastKnownFileType = wrapper.framework; name = CoreText.framework; path = System/Library/Frameworks/CoreText.framework; sourceTree = SDKROOT; };
		7949229416A0799900351741 /* QuartzCore.framework */ = {isa = PBXFileReference; lastKnownFileType = wrapper.framework; name = QuartzCore.framework; path = System/Library/Frameworks/QuartzCore.framework; sourceTree = SDKROOT; };
		794922AE16A079BF00351741 /* EXTabVC.h */ = {isa = PBXFileReference; fileEncoding = 4; lastKnownFileType = sourcecode.c.h; path = EXTabVC.h; sourceTree = "<group>"; };
		794922AF16A079BF00351741 /* EXTabVC.m */ = {isa = PBXFileReference; fileEncoding = 4; lastKnownFileType = sourcecode.c.objc; path = EXTabVC.m; sourceTree = "<group>"; };
		79A6E3BE16973E5B00AA68D7 /* Domo Depression.app */ = {isa = PBXFileReference; explicitFileType = wrapper.application; includeInIndex = 0; path = "Domo Depression.app"; sourceTree = BUILT_PRODUCTS_DIR; };
		79A6E3C216973E5B00AA68D7 /* UIKit.framework */ = {isa = PBXFileReference; lastKnownFileType = wrapper.framework; name = UIKit.framework; path = System/Library/Frameworks/UIKit.framework; sourceTree = SDKROOT; };
		79A6E3C416973E5B00AA68D7 /* Foundation.framework */ = {isa = PBXFileReference; lastKnownFileType = wrapper.framework; name = Foundation.framework; path = System/Library/Frameworks/Foundation.framework; sourceTree = SDKROOT; };
		79A6E3C616973E5B00AA68D7 /* CoreGraphics.framework */ = {isa = PBXFileReference; lastKnownFileType = wrapper.framework; name = CoreGraphics.framework; path = System/Library/Frameworks/CoreGraphics.framework; sourceTree = SDKROOT; };
		79A6E3C816973E5B00AA68D7 /* CoreData.framework */ = {isa = PBXFileReference; lastKnownFileType = wrapper.framework; name = CoreData.framework; path = System/Library/Frameworks/CoreData.framework; sourceTree = SDKROOT; };
		79A6E3CC16973E5B00AA68D7 /* Domo Depression-Info.plist */ = {isa = PBXFileReference; lastKnownFileType = text.plist.xml; path = "Domo Depression-Info.plist"; sourceTree = "<group>"; };
		79A6E3CE16973E5B00AA68D7 /* en */ = {isa = PBXFileReference; lastKnownFileType = text.plist.strings; name = en; path = en.lproj/InfoPlist.strings; sourceTree = "<group>"; };
		79A6E3D016973E5B00AA68D7 /* main.m */ = {isa = PBXFileReference; lastKnownFileType = sourcecode.c.objc; path = main.m; sourceTree = "<group>"; };
		79A6E3D216973E5B00AA68D7 /* Domo Depression-Prefix.pch */ = {isa = PBXFileReference; lastKnownFileType = sourcecode.c.h; path = "Domo Depression-Prefix.pch"; sourceTree = "<group>"; };
		79A6E3D316973E5B00AA68D7 /* EXAppDelegate.h */ = {isa = PBXFileReference; lastKnownFileType = sourcecode.c.h; path = EXAppDelegate.h; sourceTree = "<group>"; };
		79A6E3D416973E5B00AA68D7 /* EXAppDelegate.m */ = {isa = PBXFileReference; lastKnownFileType = sourcecode.c.objc; path = EXAppDelegate.m; sourceTree = "<group>"; };
		79A6E3D616973E5B00AA68D7 /* Default.png */ = {isa = PBXFileReference; lastKnownFileType = image.png; path = Default.png; sourceTree = "<group>"; };
		79A6E3D816973E5B00AA68D7 /* Default@2x.png */ = {isa = PBXFileReference; lastKnownFileType = image.png; path = "Default@2x.png"; sourceTree = "<group>"; };
		79A6E3DA16973E5B00AA68D7 /* Default-568h@2x.png */ = {isa = PBXFileReference; lastKnownFileType = image.png; path = "Default-568h@2x.png"; sourceTree = "<group>"; };
		79A6E3DD16973E5B00AA68D7 /* Feel_Better__Depression.xcdatamodel */ = {isa = PBXFileReference; lastKnownFileType = wrapper.xcdatamodel; path = Feel_Better__Depression.xcdatamodel; sourceTree = "<group>"; };
		79A6E3E416973E5B00AA68D7 /* Domo DepressionTests.octest */ = {isa = PBXFileReference; explicitFileType = wrapper.cfbundle; includeInIndex = 0; path = "Domo DepressionTests.octest"; sourceTree = BUILT_PRODUCTS_DIR; };
		79A6E3E516973E5B00AA68D7 /* SenTestingKit.framework */ = {isa = PBXFileReference; lastKnownFileType = wrapper.framework; name = SenTestingKit.framework; path = Library/Frameworks/SenTestingKit.framework; sourceTree = DEVELOPER_DIR; };
		79A6E3EE16973E5B00AA68D7 /* Domo DepressionTests-Info.plist */ = {isa = PBXFileReference; lastKnownFileType = text.plist.xml; path = "Domo DepressionTests-Info.plist"; sourceTree = "<group>"; };
		79A6E3F016973E5B00AA68D7 /* en */ = {isa = PBXFileReference; lastKnownFileType = text.plist.strings; name = en; path = en.lproj/InfoPlist.strings; sourceTree = "<group>"; };
		79A6E3F216973E5B00AA68D7 /* Feel_Better__DepressionTests.h */ = {isa = PBXFileReference; lastKnownFileType = sourcecode.c.h; path = Feel_Better__DepressionTests.h; sourceTree = "<group>"; };
		79A6E3F316973E5B00AA68D7 /* Feel_Better__DepressionTests.m */ = {isa = PBXFileReference; lastKnownFileType = sourcecode.c.objc; path = Feel_Better__DepressionTests.m; sourceTree = "<group>"; };
		79A6E4861697450A00AA68D7 /* pt-BR */ = {isa = PBXFileReference; lastKnownFileType = text.plist.strings; name = "pt-BR"; path = "pt-BR.lproj/InfoPlist.strings"; sourceTree = "<group>"; };
		79A6E4871697450A00AA68D7 /* pt-BR */ = {isa = PBXFileReference; lastKnownFileType = text.plist.strings; name = "pt-BR"; path = "pt-BR.lproj/InfoPlist.strings"; sourceTree = "<group>"; };
		79B5EBDF1698DED8009D7FB9 /* EXQIDSManager.h */ = {isa = PBXFileReference; fileEncoding = 4; lastKnownFileType = sourcecode.c.h; path = EXQIDSManager.h; sourceTree = "<group>"; };
		79B5EBE01698DED8009D7FB9 /* EXQIDSManager.m */ = {isa = PBXFileReference; fileEncoding = 4; lastKnownFileType = sourcecode.c.objc; path = EXQIDSManager.m; sourceTree = "<group>"; };
		79B5EBE31699038F009D7FB9 /* EXQIDSSubmission.h */ = {isa = PBXFileReference; fileEncoding = 4; lastKnownFileType = sourcecode.c.h; path = EXQIDSSubmission.h; sourceTree = "<group>"; };
		79B5EBE416990390009D7FB9 /* EXQIDSSubmission.m */ = {isa = PBXFileReference; fileEncoding = 4; lastKnownFileType = sourcecode.c.objc; path = EXQIDSSubmission.m; sourceTree = "<group>"; };
		79C024DB16A0862900EC138F /* EXDomoConstants.h */ = {isa = PBXFileReference; fileEncoding = 4; lastKnownFileType = sourcecode.c.h; path = EXDomoConstants.h; sourceTree = "<group>"; };
		79C024E516A09BA400EC138F /* EXAuthor.h */ = {isa = PBXFileReference; fileEncoding = 4; lastKnownFileType = sourcecode.c.h; path = EXAuthor.h; sourceTree = "<group>"; };
		79C024E616A09BA400EC138F /* EXAuthor.m */ = {isa = PBXFileReference; fileEncoding = 4; lastKnownFileType = sourcecode.c.objc; path = EXAuthor.m; sourceTree = "<group>"; };
		79C024E816A0A60100EC138F /* disclosureArrow.png */ = {isa = PBXFileReference; lastKnownFileType = image.png; path = disclosureArrow.png; sourceTree = "<group>"; };
		79C024E916A0A60100EC138F /* disclosureArrow@2x.png */ = {isa = PBXFileReference; lastKnownFileType = image.png; path = "disclosureArrow@2x.png"; sourceTree = "<group>"; };
		79C024EC16A0A7EA00EC138F /* exoTiledContentViewController.h */ = {isa = PBXFileReference; fileEncoding = 4; lastKnownFileType = sourcecode.c.h; path = exoTiledContentViewController.h; sourceTree = "<group>"; };
		79C024ED16A0A7EB00EC138F /* exoTiledContentViewController.m */ = {isa = PBXFileReference; fileEncoding = 4; lastKnownFileType = sourcecode.c.objc; path = exoTiledContentViewController.m; sourceTree = "<group>"; };
/* End PBXFileReference section */

/* Begin PBXFrameworksBuildPhase section */
		79A6E3BB16973E5B00AA68D7 /* Frameworks */ = {
			isa = PBXFrameworksBuildPhase;
			buildActionMask = 2147483647;
			files = (
				7949229716A079AC00351741 /* CoreText.framework in Frameworks */,
				7949229816A079AC00351741 /* QuartzCore.framework in Frameworks */,
				79A6E3C316973E5B00AA68D7 /* UIKit.framework in Frameworks */,
				79A6E3C516973E5B00AA68D7 /* Foundation.framework in Frameworks */,
				79A6E3C716973E5B00AA68D7 /* CoreGraphics.framework in Frameworks */,
				79A6E3C916973E5B00AA68D7 /* CoreData.framework in Frameworks */,
			);
			runOnlyForDeploymentPostprocessing = 0;
		};
		79A6E3E016973E5B00AA68D7 /* Frameworks */ = {
			isa = PBXFrameworksBuildPhase;
			buildActionMask = 2147483647;
			files = (
				79A6E3E616973E5B00AA68D7 /* SenTestingKit.framework in Frameworks */,
				79A6E3E716973E5B00AA68D7 /* UIKit.framework in Frameworks */,
				79A6E3E816973E5B00AA68D7 /* Foundation.framework in Frameworks */,
				79A6E3E916973E5B00AA68D7 /* CoreData.framework in Frameworks */,
			);
			runOnlyForDeploymentPostprocessing = 0;
		};
/* End PBXFrameworksBuildPhase section */

/* Begin PBXGroup section */
		7935E3A61697530B00FA871F /* External Framworks */ = {
			isa = PBXGroup;
			children = (
				7949225F16A0795600351741 /* MGBox */,
				7935E5371697671A00FA871F /* MNMRadioGroup */,
				7935E4921697669B00FA871F /* CKSideBarController */,
			);
			name = "External Framworks";
			sourceTree = "<group>";
		};
		7935E40C16975DE100FA871F /* Logic */ = {
			isa = PBXGroup;
			children = (
				7949225216A0583000351741 /* coms */,
				79B5EBDD1698DEA4009D7FB9 /* Data */,
				7935E40E16975E0D00FA871F /* Additions */,
				79A6E3CB16973E5B00AA68D7 /* Supporting Files */,
				79A6E3D316973E5B00AA68D7 /* EXAppDelegate.h */,
				79A6E3D416973E5B00AA68D7 /* EXAppDelegate.m */,
			);
			name = Logic;
			sourceTree = "<group>";
		};
		7935E40D16975DF000FA871F /* Resources */ = {
			isa = PBXGroup;
			children = (
				7935E41016975E1800FA871F /* Localizations */,
				7935E40F16975E1500FA871F /* Imagery */,
			);
			name = Resources;
			sourceTree = "<group>";
		};
		7935E40E16975E0D00FA871F /* Additions */ = {
			isa = PBXGroup;
			children = (
				7935E41116975E6900FA871F /* UIViewAdditions+EX.h */,
				7935E41216975E6900FA871F /* UIViewAdditions+EX.m */,
			);
			name = Additions;
			sourceTree = "<group>";
		};
		7935E40F16975E1500FA871F /* Imagery */ = {
			isa = PBXGroup;
			children = (
				79A6E3D616973E5B00AA68D7 /* Default.png */,
				79A6E3D816973E5B00AA68D7 /* Default@2x.png */,
				79A6E3DA16973E5B00AA68D7 /* Default-568h@2x.png */,
				7935E5D31698882200FA871F /* greyfloral@2X.png */,
				7935E5D41698882200FA871F /* greyfloral.png */,
				7935E5D91698882D00FA871F /* crisp_paper_ruffles@2X.png */,
				7935E5DA1698882E00FA871F /* crisp_paper_ruffles.png */,
				79C024E816A0A60100EC138F /* disclosureArrow.png */,
				79C024E916A0A60100EC138F /* disclosureArrow@2x.png */,
			);
			name = Imagery;
			path = Domo/Imagery;
			sourceTree = SOURCE_ROOT;
		};
		7935E41016975E1800FA871F /* Localizations */ = {
			isa = PBXGroup;
			children = (
				79A6E3CD16973E5B00AA68D7 /* InfoPlist.strings */,
				7935E55316978C8C00FA871F /* Localizable.strings */,
				7935E55B16978DA300FA871F /* QIDS.plist */,
			);
			name = Localizations;
			sourceTree = "<group>";
		};
		7935E4921697669B00FA871F /* CKSideBarController */ = {
			isa = PBXGroup;
			children = (
				7935E4AE1697669B00FA871F /* CKSideBarController.h */,
				7935E4AF1697669B00FA871F /* CKSideBarController.m */,
				7935E4B01697669B00FA871F /* CKSideBarItem.h */,
				7935E4B11697669B00FA871F /* CKSideBarItem.m */,
				7935E4B21697669B00FA871F /* Resources */,
			);
			path = CKSideBarController;
			sourceTree = SOURCE_ROOT;
		};
		7935E4B21697669B00FA871F /* Resources */ = {
			isa = PBXGroup;
			children = (
				7935E4B31697669B00FA871F /* default-tabbar-icon.png */,
				7935E4B41697669B00FA871F /* default-tabbar-icon@2x.png */,
				7935E4B51697669B00FA871F /* rough_diagonal.png */,
				7935E4B61697669B00FA871F /* rough_diagonal@2x.png */,
				7935E4B71697669B00FA871F /* selected-image-background.png */,
				7935E4B81697669B00FA871F /* selected-image-background@2x.png */,
				7935E4B91697669B00FA871F /* tabbar-glow.png */,
				7935E4BA1697669B00FA871F /* tabbar-glow@2x.png */,
			);
			name = Resources;
			path = Source/Resources;
			sourceTree = "<group>";
		};
		7935E5371697671A00FA871F /* MNMRadioGroup */ = {
			isa = PBXGroup;
			children = (
				7935E5381697671B00FA871F /* Resources */,
				7935E53D1697671B00FA871F /* MNMRadioGroup.h */,
				7935E53E1697671B00FA871F /* MNMRadioGroup.m */,
				7935E53F1697671B00FA871F /* MNMRadioGroupValue.h */,
				7935E5401697671B00FA871F /* MNMRadioGroupValue.m */,
			);
			name = MNMRadioGroup;
			path = MNMRadioGroupDemo/MNMRadioGroupDemo/MNMRadioGroup;
			sourceTree = SOURCE_ROOT;
		};
		7935E5381697671B00FA871F /* Resources */ = {
			isa = PBXGroup;
			children = (
				7935E5391697671B00FA871F /* MNMRadioGroupSelected.png */,
				7935E53A1697671B00FA871F /* MNMRadioGroupSelected@2x.png */,
				7935E53B1697671B00FA871F /* MNMRadioGroupUnselected.png */,
				7935E53C1697671B00FA871F /* MNMRadioGroupUnselected@2x.png */,
			);
			name = Resources;
			path = Images;
			sourceTree = "<group>";
		};
		7935E5BD169793D500FA871F /* View */ = {
			isa = PBXGroup;
			children = (
				7949225E16A0790C00351741 /* common */,
				7949225816A0596400351741 /* support */,
				7935E5CA1697A35300FA871F /* improve */,
				7935E5C91697A34A00FA871F /* review */,
				7935E5C41697A16300FA871F /* track */,
			);
			name = View;
			sourceTree = "<group>";
		};
		7935E5C41697A16300FA871F /* track */ = {
			isa = PBXGroup;
			children = (
				79C024EC16A0A7EA00EC138F /* exoTiledContentViewController.h */,
				79C024ED16A0A7EB00EC138F /* exoTiledContentViewController.m */,
				7935E5C51697A1C100FA871F /* EXTrackVC.h */,
				7935E5C61697A1C100FA871F /* EXTrackVC.m */,
			);
			name = track;
			sourceTree = "<group>";
		};
		7935E5C91697A34A00FA871F /* review */ = {
			isa = PBXGroup;
			children = (
				7935E5CB1697A39E00FA871F /* EXAnalyzeVC.h */,
				7935E5CC1697A39E00FA871F /* EXAnalyzeVC.m */,
			);
			name = review;
			sourceTree = "<group>";
		};
		7935E5CA1697A35300FA871F /* improve */ = {
			isa = PBXGroup;
			children = (
				7935E5CF1697A3C700FA871F /* EXImproveVC.h */,
				7935E5D01697A3C700FA871F /* EXImproveVC.m */,
			);
			name = improve;
			sourceTree = "<group>";
		};
		7949225216A0583000351741 /* coms */ = {
			isa = PBXGroup;
			children = (
				7949225416A0586F00351741 /* EXUserComManager.h */,
				7949225516A0586F00351741 /* EXUserComManager.m */,
			);
			name = coms;
			sourceTree = "<group>";
		};
		7949225816A0596400351741 /* support */ = {
			isa = PBXGroup;
			children = (
			);
			name = support;
			sourceTree = "<group>";
		};
		7949225E16A0790C00351741 /* common */ = {
			isa = PBXGroup;
			children = (
				794922AE16A079BF00351741 /* EXTabVC.h */,
				794922AF16A079BF00351741 /* EXTabVC.m */,
			);
			name = common;
			sourceTree = "<group>";
		};
		7949225F16A0795600351741 /* MGBox */ = {
			isa = PBXGroup;
			children = (
				7949226016A0795600351741 /* Categories */,
				7949226D16A0795600351741 /* MGBase.h */,
				7949226E16A0795600351741 /* MGBlockWrapper.h */,
				7949226F16A0795600351741 /* MGBlockWrapper.m */,
				7949227016A0795600351741 /* MGBox.h */,
				7949227116A0795600351741 /* MGBox.m */,
				7949227216A0795600351741 /* MGButton.h */,
				7949227316A0795600351741 /* MGButton.m */,
				7949227416A0795600351741 /* MGLayoutBox.h */,
				7949227516A0795600351741 /* MGLayoutManager.h */,
				7949227616A0795600351741 /* MGLayoutManager.m */,
				7949227716A0795600351741 /* MGLine.h */,
				7949227816A0795600351741 /* MGLine.m */,
				7949227916A0795600351741 /* MGLineStyled.h */,
				7949227A16A0795600351741 /* MGLineStyled.m */,
				7949227B16A0795600351741 /* MGMushParser.h */,
				7949227C16A0795600351741 /* MGMushParser.m */,
				7949227D16A0795600351741 /* MGScrollView.h */,
				7949227E16A0795600351741 /* MGScrollView.m */,
				7949227F16A0795600351741 /* MGTableBox.h */,
				7949228016A0795600351741 /* MGTableBox.m */,
				7949228116A0795600351741 /* MGTableBoxStyled.h */,
				7949228216A0795600351741 /* MGTableBoxStyled.m */,
			);
			name = MGBox;
			path = MGBox2/MGBox;
			sourceTree = SOURCE_ROOT;
		};
		7949226016A0795600351741 /* Categories */ = {
			isa = PBXGroup;
			children = (
				7949226116A0795600351741 /* NSAttributedString+MGTrim.h */,
				7949226216A0795600351741 /* NSAttributedString+MGTrim.m */,
				7949226316A0795600351741 /* NSObject+MGEvents.h */,
				7949226416A0795600351741 /* NSObject+MGEvents.m */,
				7949226516A0795600351741 /* UIColor+MGExpanded.h */,
				7949226616A0795600351741 /* UIColor+MGExpanded.m */,
				7949226716A0795600351741 /* UIControl+MGEvents.h */,
				7949226816A0795600351741 /* UIControl+MGEvents.m */,
				7949226916A0795600351741 /* UIResponder+FirstResponder.h */,
				7949226A16A0795600351741 /* UIResponder+FirstResponder.m */,
				7949226B16A0795600351741 /* UIView+MGEasyFrame.h */,
				7949226C16A0795600351741 /* UIView+MGEasyFrame.m */,
			);
			path = Categories;
			sourceTree = "<group>";
		};
		79A6E3B316973E5B00AA68D7 = {
			isa = PBXGroup;
			children = (
				79A6E3CA16973E5B00AA68D7 /* Domo */,
				79A6E3EC16973E5B00AA68D7 /* DomoTests */,
				79A6E3C116973E5B00AA68D7 /* Frameworks */,
				79A6E3BF16973E5B00AA68D7 /* Products */,
			);
			sourceTree = "<group>";
		};
		79A6E3BF16973E5B00AA68D7 /* Products */ = {
			isa = PBXGroup;
			children = (
				79A6E3BE16973E5B00AA68D7 /* Domo Depression.app */,
				79A6E3E416973E5B00AA68D7 /* Domo DepressionTests.octest */,
			);
			name = Products;
			sourceTree = "<group>";
		};
		79A6E3C116973E5B00AA68D7 /* Frameworks */ = {
			isa = PBXGroup;
			children = (
				7949229316A0799900351741 /* CoreText.framework */,
				7949229416A0799900351741 /* QuartzCore.framework */,
				79A6E3C216973E5B00AA68D7 /* UIKit.framework */,
				79A6E3C416973E5B00AA68D7 /* Foundation.framework */,
				79A6E3C616973E5B00AA68D7 /* CoreGraphics.framework */,
				79A6E3C816973E5B00AA68D7 /* CoreData.framework */,
				79A6E3E516973E5B00AA68D7 /* SenTestingKit.framework */,
			);
			name = Frameworks;
			sourceTree = "<group>";
		};
		79A6E3CA16973E5B00AA68D7 /* Domo */ = {
			isa = PBXGroup;
			children = (
				7935E3A61697530B00FA871F /* External Framworks */,
				7935E5BD169793D500FA871F /* View */,
				7935E40C16975DE100FA871F /* Logic */,
				7935E40D16975DF000FA871F /* Resources */,
			);
			path = Domo;
			sourceTree = "<group>";
		};
		79A6E3CB16973E5B00AA68D7 /* Supporting Files */ = {
			isa = PBXGroup;
			children = (
				79A6E3CC16973E5B00AA68D7 /* Domo Depression-Info.plist */,
				79A6E3D016973E5B00AA68D7 /* main.m */,
				79A6E3D216973E5B00AA68D7 /* Domo Depression-Prefix.pch */,
				79C024DB16A0862900EC138F /* EXDomoConstants.h */,
			);
			name = "Supporting Files";
			sourceTree = "<group>";
		};
		79A6E3EC16973E5B00AA68D7 /* DomoTests */ = {
			isa = PBXGroup;
			children = (
				79A6E3F216973E5B00AA68D7 /* Feel_Better__DepressionTests.h */,
				79A6E3F316973E5B00AA68D7 /* Feel_Better__DepressionTests.m */,
				79A6E3ED16973E5B00AA68D7 /* Supporting Files */,
			);
			path = DomoTests;
			sourceTree = "<group>";
		};
		79A6E3ED16973E5B00AA68D7 /* Supporting Files */ = {
			isa = PBXGroup;
			children = (
				79A6E3EE16973E5B00AA68D7 /* Domo DepressionTests-Info.plist */,
				79A6E3EF16973E5B00AA68D7 /* InfoPlist.strings */,
			);
			name = "Supporting Files";
			sourceTree = "<group>";
		};
		79B5EBDD1698DEA4009D7FB9 /* Data */ = {
			isa = PBXGroup;
			children = (
				79B5EBE716990504009D7FB9 /* Model */,
				79B5EBDF1698DED8009D7FB9 /* EXQIDSManager.h */,
				79B5EBE01698DED8009D7FB9 /* EXQIDSManager.m */,
			);
			name = Data;
			sourceTree = "<group>";
		};
		79B5EBE716990504009D7FB9 /* Model */ = {
			isa = PBXGroup;
			children = (
				79B5EBE31699038F009D7FB9 /* EXQIDSSubmission.h */,
				79B5EBE416990390009D7FB9 /* EXQIDSSubmission.m */,
				79A6E3DC16973E5B00AA68D7 /* Feel_Better__Depression.xcdatamodeld */,
				79C024E516A09BA400EC138F /* EXAuthor.h */,
				79C024E616A09BA400EC138F /* EXAuthor.m */,
			);
			name = Model;
			sourceTree = "<group>";
		};
/* End PBXGroup section */

/* Begin PBXNativeTarget section */
		79A6E3BD16973E5B00AA68D7 /* Domo Depression */ = {
			isa = PBXNativeTarget;
			buildConfigurationList = 79A6E3F716973E5B00AA68D7 /* Build configuration list for PBXNativeTarget "Domo Depression" */;
			buildPhases = (
				79A6E3BA16973E5B00AA68D7 /* Sources */,
				79A6E3BB16973E5B00AA68D7 /* Frameworks */,
				79A6E3BC16973E5B00AA68D7 /* Resources */,
			);
			buildRules = (
			);
			dependencies = (
			);
			name = "Domo Depression";
			productName = "Feel Better: Depression";
			productReference = 79A6E3BE16973E5B00AA68D7 /* Domo Depression.app */;
			productType = "com.apple.product-type.application";
		};
		79A6E3E316973E5B00AA68D7 /* Domo DepressionTests */ = {
			isa = PBXNativeTarget;
			buildConfigurationList = 79A6E3FA16973E5B00AA68D7 /* Build configuration list for PBXNativeTarget "Domo DepressionTests" */;
			buildPhases = (
				79A6E3DF16973E5B00AA68D7 /* Sources */,
				79A6E3E016973E5B00AA68D7 /* Frameworks */,
				79A6E3E116973E5B00AA68D7 /* Resources */,
				79A6E3E216973E5B00AA68D7 /* ShellScript */,
			);
			buildRules = (
			);
			dependencies = (
				79A6E3EB16973E5B00AA68D7 /* PBXTargetDependency */,
			);
			name = "Domo DepressionTests";
			productName = "Feel Better: DepressionTests";
			productReference = 79A6E3E416973E5B00AA68D7 /* Domo DepressionTests.octest */;
			productType = "com.apple.product-type.bundle";
		};
/* End PBXNativeTarget section */

/* Begin PBXProject section */
		79A6E3B516973E5B00AA68D7 /* Project object */ = {
			isa = PBXProject;
			attributes = {
				CLASSPREFIX = EX;
				LastUpgradeCheck = 0450;
				ORGANIZATIONNAME = ExoMachina;
			};
			buildConfigurationList = 79A6E3B816973E5B00AA68D7 /* Build configuration list for PBXProject "Domo Depression" */;
			compatibilityVersion = "Xcode 3.2";
			developmentRegion = English;
			hasScannedForEncodings = 0;
			knownRegions = (
				en,
				"pt-BR",
			);
			mainGroup = 79A6E3B316973E5B00AA68D7;
			productRefGroup = 79A6E3BF16973E5B00AA68D7 /* Products */;
			projectDirPath = "";
			projectRoot = "";
			targets = (
				79A6E3BD16973E5B00AA68D7 /* Domo Depression */,
				79A6E3E316973E5B00AA68D7 /* Domo DepressionTests */,
			);
		};
/* End PBXProject section */

/* Begin PBXResourcesBuildPhase section */
		79A6E3BC16973E5B00AA68D7 /* Resources */ = {
			isa = PBXResourcesBuildPhase;
			buildActionMask = 2147483647;
			files = (
				79A6E3CF16973E5B00AA68D7 /* InfoPlist.strings in Resources */,
				79A6E3D716973E5B00AA68D7 /* Default.png in Resources */,
				79A6E3D916973E5B00AA68D7 /* Default@2x.png in Resources */,
				79A6E3DB16973E5B00AA68D7 /* Default-568h@2x.png in Resources */,
				7935E5051697669B00FA871F /* default-tabbar-icon.png in Resources */,
				7935E5071697669B00FA871F /* default-tabbar-icon@2x.png in Resources */,
				7935E5091697669B00FA871F /* rough_diagonal.png in Resources */,
				7935E50B1697669B00FA871F /* rough_diagonal@2x.png in Resources */,
				7935E50D1697669B00FA871F /* selected-image-background.png in Resources */,
				7935E50F1697669B00FA871F /* selected-image-background@2x.png in Resources */,
				7935E5111697669B00FA871F /* tabbar-glow.png in Resources */,
				7935E5131697669B00FA871F /* tabbar-glow@2x.png in Resources */,
				7935E5411697671B00FA871F /* MNMRadioGroupSelected.png in Resources */,
				7935E5431697671B00FA871F /* MNMRadioGroupSelected@2x.png in Resources */,
				7935E5451697671B00FA871F /* MNMRadioGroupUnselected.png in Resources */,
				7935E5471697671B00FA871F /* MNMRadioGroupUnselected@2x.png in Resources */,
				7935E55016978C8C00FA871F /* Localizable.strings in Resources */,
				7935E55816978DA300FA871F /* QIDS.plist in Resources */,
				7935E5D51698882300FA871F /* greyfloral@2X.png in Resources */,
				7935E5D71698882300FA871F /* greyfloral.png in Resources */,
				7935E5DB1698882E00FA871F /* crisp_paper_ruffles@2X.png in Resources */,
				7935E5DD1698882E00FA871F /* crisp_paper_ruffles.png in Resources */,
				79C024EA16A0A60100EC138F /* disclosureArrow.png in Resources */,
				79C024EB16A0A60100EC138F /* disclosureArrow@2x.png in Resources */,
			);
			runOnlyForDeploymentPostprocessing = 0;
		};
		79A6E3E116973E5B00AA68D7 /* Resources */ = {
			isa = PBXResourcesBuildPhase;
			buildActionMask = 2147483647;
			files = (
				79A6E3F116973E5B00AA68D7 /* InfoPlist.strings in Resources */,
				7935E5061697669B00FA871F /* default-tabbar-icon.png in Resources */,
				7935E5081697669B00FA871F /* default-tabbar-icon@2x.png in Resources */,
				7935E50A1697669B00FA871F /* rough_diagonal.png in Resources */,
				7935E50C1697669B00FA871F /* rough_diagonal@2x.png in Resources */,
				7935E50E1697669B00FA871F /* selected-image-background.png in Resources */,
				7935E5101697669B00FA871F /* selected-image-background@2x.png in Resources */,
				7935E5121697669B00FA871F /* tabbar-glow.png in Resources */,
				7935E5141697669B00FA871F /* tabbar-glow@2x.png in Resources */,
				7935E5421697671B00FA871F /* MNMRadioGroupSelected.png in Resources */,
				7935E5441697671B00FA871F /* MNMRadioGroupSelected@2x.png in Resources */,
				7935E5461697671B00FA871F /* MNMRadioGroupUnselected.png in Resources */,
				7935E5481697671B00FA871F /* MNMRadioGroupUnselected@2x.png in Resources */,
				7935E55116978C8C00FA871F /* Localizable.strings in Resources */,
				7935E55916978DA300FA871F /* QIDS.plist in Resources */,
				7935E5D61698882300FA871F /* greyfloral@2X.png in Resources */,
				7935E5D81698882300FA871F /* greyfloral.png in Resources */,
				7935E5DC1698882E00FA871F /* crisp_paper_ruffles@2X.png in Resources */,
				7935E5DE1698882E00FA871F /* crisp_paper_ruffles.png in Resources */,
			);
			runOnlyForDeploymentPostprocessing = 0;
		};
/* End PBXResourcesBuildPhase section */

/* Begin PBXShellScriptBuildPhase section */
		79A6E3E216973E5B00AA68D7 /* ShellScript */ = {
			isa = PBXShellScriptBuildPhase;
			buildActionMask = 2147483647;
			files = (
			);
			inputPaths = (
			);
			outputPaths = (
			);
			runOnlyForDeploymentPostprocessing = 0;
			shellPath = /bin/sh;
			shellScript = "# Run the unit tests in this test bundle.\n\"${SYSTEM_DEVELOPER_DIR}/Tools/RunUnitTests\"\n";
		};
/* End PBXShellScriptBuildPhase section */

/* Begin PBXSourcesBuildPhase section */
		79A6E3BA16973E5B00AA68D7 /* Sources */ = {
			isa = PBXSourcesBuildPhase;
			buildActionMask = 2147483647;
			files = (
				79A6E3D116973E5B00AA68D7 /* main.m in Sources */,
				79A6E3D516973E5B00AA68D7 /* EXAppDelegate.m in Sources */,
				79A6E3DE16973E5B00AA68D7 /* Feel_Better__Depression.xcdatamodeld in Sources */,
				7935E41416975EC000FA871F /* UIViewAdditions+EX.m in Sources */,
				7935E5011697669B00FA871F /* CKSideBarController.m in Sources */,
				7935E5031697669B00FA871F /* CKSideBarItem.m in Sources */,
				7935E5491697671B00FA871F /* MNMRadioGroup.m in Sources */,
				7935E54B1697671B00FA871F /* MNMRadioGroupValue.m in Sources */,
				7935E5C71697A1C100FA871F /* EXTrackVC.m in Sources */,
				7935E5CD1697A39E00FA871F /* EXAnalyzeVC.m in Sources */,
				7935E5D11697A3C700FA871F /* EXImproveVC.m in Sources */,
				79B5EBE11698DED8009D7FB9 /* EXQIDSManager.m in Sources */,
				79B5EBE516990390009D7FB9 /* EXQIDSSubmission.m in Sources */,
				7949225616A0586F00351741 /* EXUserComManager.m in Sources */,
				7949228316A0795600351741 /* NSAttributedString+MGTrim.m in Sources */,
				7949228416A0795600351741 /* NSObject+MGEvents.m in Sources */,
				7949228516A0795600351741 /* UIColor+MGExpanded.m in Sources */,
				7949228616A0795600351741 /* UIControl+MGEvents.m in Sources */,
				7949228716A0795600351741 /* UIResponder+FirstResponder.m in Sources */,
				7949228816A0795600351741 /* UIView+MGEasyFrame.m in Sources */,
				7949228916A0795600351741 /* MGBlockWrapper.m in Sources */,
				7949228A16A0795600351741 /* MGBox.m in Sources */,
				7949228B16A0795600351741 /* MGButton.m in Sources */,
				7949228C16A0795600351741 /* MGLayoutManager.m in Sources */,
				7949228D16A0795600351741 /* MGLine.m in Sources */,
				7949228E16A0795600351741 /* MGLineStyled.m in Sources */,
				7949228F16A0795600351741 /* MGMushParser.m in Sources */,
				7949229016A0795600351741 /* MGScrollView.m in Sources */,
				7949229116A0795600351741 /* MGTableBox.m in Sources */,
				7949229216A0795600351741 /* MGTableBoxStyled.m in Sources */,
				794922B016A079BF00351741 /* EXTabVC.m in Sources */,
				79C024E716A09BA400EC138F /* EXAuthor.m in Sources */,
			);
			runOnlyForDeploymentPostprocessing = 0;
		};
		79A6E3DF16973E5B00AA68D7 /* Sources */ = {
			isa = PBXSourcesBuildPhase;
			buildActionMask = 2147483647;
			files = (
				79A6E3F416973E5B00AA68D7 /* Feel_Better__DepressionTests.m in Sources */,
				7935E41316975E6900FA871F /* UIViewAdditions+EX.m in Sources */,
				7935E5021697669B00FA871F /* CKSideBarController.m in Sources */,
				7935E5041697669B00FA871F /* CKSideBarItem.m in Sources */,
				7935E54A1697671B00FA871F /* MNMRadioGroup.m in Sources */,
				7935E54C1697671B00FA871F /* MNMRadioGroupValue.m in Sources */,
				7935E5C81697A1C100FA871F /* EXTrackVC.m in Sources */,
				7935E5CE1697A39E00FA871F /* EXAnalyzeVC.m in Sources */,
				7935E5D21697A3C700FA871F /* EXImproveVC.m in Sources */,
				79B5EBE21698DED8009D7FB9 /* EXQIDSManager.m in Sources */,
				79B5EBE616990390009D7FB9 /* EXQIDSSubmission.m in Sources */,
				794922B116A079BF00351741 /* EXTabVC.m in Sources */,
				79C024DA16A085A300EC138F /* EXUserComManager.m in Sources */,
				79C024EE16A0A7EB00EC138F /* exoTiledContentViewController.m in Sources */,
			);
			runOnlyForDeploymentPostprocessing = 0;
		};
/* End PBXSourcesBuildPhase section */

/* Begin PBXTargetDependency section */
		79A6E3EB16973E5B00AA68D7 /* PBXTargetDependency */ = {
			isa = PBXTargetDependency;
			target = 79A6E3BD16973E5B00AA68D7 /* Domo Depression */;
			targetProxy = 79A6E3EA16973E5B00AA68D7 /* PBXContainerItemProxy */;
		};
/* End PBXTargetDependency section */

/* Begin PBXVariantGroup section */
		7935E55316978C8C00FA871F /* Localizable.strings */ = {
			isa = PBXVariantGroup;
			children = (
				7935E55216978C8C00FA871F /* en */,
			);
			name = Localizable.strings;
			sourceTree = "<group>";
		};
		7935E55B16978DA300FA871F /* QIDS.plist */ = {
			isa = PBXVariantGroup;
			children = (
				7935E55A16978DA300FA871F /* en */,
			);
			name = QIDS.plist;
			sourceTree = "<group>";
		};
		79A6E3CD16973E5B00AA68D7 /* InfoPlist.strings */ = {
			isa = PBXVariantGroup;
			children = (
				79A6E3CE16973E5B00AA68D7 /* en */,
				79A6E4861697450A00AA68D7 /* pt-BR */,
			);
			name = InfoPlist.strings;
			sourceTree = "<group>";
		};
		79A6E3EF16973E5B00AA68D7 /* InfoPlist.strings */ = {
			isa = PBXVariantGroup;
			children = (
				79A6E3F016973E5B00AA68D7 /* en */,
				79A6E4871697450A00AA68D7 /* pt-BR */,
			);
			name = InfoPlist.strings;
			sourceTree = "<group>";
		};
/* End PBXVariantGroup section */

/* Begin XCBuildConfiguration section */
		79A6E3F516973E5B00AA68D7 /* Debug */ = {
			isa = XCBuildConfiguration;
			buildSettings = {
				ALWAYS_SEARCH_USER_PATHS = NO;
				CLANG_CXX_LANGUAGE_STANDARD = "gnu++0x";
				CLANG_CXX_LIBRARY = "libc++";
				CLANG_ENABLE_OBJC_ARC = YES;
				CLANG_WARN_EMPTY_BODY = YES;
				CLANG_WARN__DUPLICATE_METHOD_MATCH = YES;
				"CODE_SIGN_IDENTITY[sdk=iphoneos*]" = "iPhone Developer";
				COPY_PHASE_STRIP = NO;
				GCC_C_LANGUAGE_STANDARD = gnu99;
				GCC_DYNAMIC_NO_PIC = NO;
				GCC_OPTIMIZATION_LEVEL = 0;
				GCC_PREPROCESSOR_DEFINITIONS = (
					"DEBUG=1",
					"$(inherited)",
				);
				GCC_SYMBOLS_PRIVATE_EXTERN = NO;
				GCC_WARN_ABOUT_RETURN_TYPE = YES;
				GCC_WARN_UNINITIALIZED_AUTOS = YES;
				GCC_WARN_UNUSED_VARIABLE = YES;
				IPHONEOS_DEPLOYMENT_TARGET = 5.0;
				ONLY_ACTIVE_ARCH = YES;
				SDKROOT = iphoneos;
				TARGETED_DEVICE_FAMILY = "1,2";
			};
			name = Debug;
		};
		79A6E3F616973E5B00AA68D7 /* Release */ = {
			isa = XCBuildConfiguration;
			buildSettings = {
				ALWAYS_SEARCH_USER_PATHS = NO;
				CLANG_CXX_LANGUAGE_STANDARD = "gnu++0x";
				CLANG_CXX_LIBRARY = "libc++";
				CLANG_ENABLE_OBJC_ARC = YES;
				CLANG_WARN_EMPTY_BODY = YES;
				CLANG_WARN__DUPLICATE_METHOD_MATCH = YES;
				"CODE_SIGN_IDENTITY[sdk=iphoneos*]" = "iPhone Developer";
				COPY_PHASE_STRIP = YES;
				GCC_C_LANGUAGE_STANDARD = gnu99;
				GCC_WARN_ABOUT_RETURN_TYPE = YES;
				GCC_WARN_UNINITIALIZED_AUTOS = YES;
				GCC_WARN_UNUSED_VARIABLE = YES;
				IPHONEOS_DEPLOYMENT_TARGET = 5.0;
				OTHER_CFLAGS = "-DNS_BLOCK_ASSERTIONS=1";
				SDKROOT = iphoneos;
				TARGETED_DEVICE_FAMILY = "1,2";
				VALIDATE_PRODUCT = YES;
			};
			name = Release;
		};
		79A6E3F816973E5B00AA68D7 /* Debug */ = {
			isa = XCBuildConfiguration;
			buildSettings = {
				GCC_PRECOMPILE_PREFIX_HEADER = NO;
				GCC_PREFIX_HEADER = "Domo/Domo Depression-Prefix.pch";
				INFOPLIST_FILE = "Domo/Domo Depression-Info.plist";
				PRODUCT_NAME = "Domo Depression";
				WRAPPER_EXTENSION = app;
			};
			name = Debug;
		};
		79A6E3F916973E5B00AA68D7 /* Release */ = {
			isa = XCBuildConfiguration;
			buildSettings = {
				GCC_PRECOMPILE_PREFIX_HEADER = NO;
				GCC_PREFIX_HEADER = "Domo/Domo Depression-Prefix.pch";
				INFOPLIST_FILE = "Domo/Domo Depression-Info.plist";
				PRODUCT_NAME = "Domo Depression";
				WRAPPER_EXTENSION = app;
			};
			name = Release;
		};
		79A6E3FB16973E5B00AA68D7 /* Debug */ = {
			isa = XCBuildConfiguration;
			buildSettings = {
				BUNDLE_LOADER = "$(BUILT_PRODUCTS_DIR)/Feel Better: Depression.app/Feel Better: Depression";
				FRAMEWORK_SEARCH_PATHS = (
					"\"$(SDKROOT)/Developer/Library/Frameworks\"",
					"\"$(DEVELOPER_LIBRARY_DIR)/Frameworks\"",
				);
				GCC_PRECOMPILE_PREFIX_HEADER = YES;
				GCC_PREFIX_HEADER = "Domo/Domo Depression-Prefix.pch";
				INFOPLIST_FILE = "Feel Better: DepressionTests/Domo DepressionTests-Info.plist";
				PRODUCT_NAME = "Domo DepressionTests";
				TEST_HOST = "$(BUNDLE_LOADER)";
				WRAPPER_EXTENSION = octest;
			};
			name = Debug;
		};
		79A6E3FC16973E5B00AA68D7 /* Release */ = {
			isa = XCBuildConfiguration;
			buildSettings = {
				BUNDLE_LOADER = "$(BUILT_PRODUCTS_DIR)/Feel Better: Depression.app/Feel Better: Depression";
				FRAMEWORK_SEARCH_PATHS = (
					"\"$(SDKROOT)/Developer/Library/Frameworks\"",
					"\"$(DEVELOPER_LIBRARY_DIR)/Frameworks\"",
				);
				GCC_PRECOMPILE_PREFIX_HEADER = YES;
				GCC_PREFIX_HEADER = "Domo/Domo Depression-Prefix.pch";
				INFOPLIST_FILE = "Feel Better: DepressionTests/Domo DepressionTests-Info.plist";
				PRODUCT_NAME = "Domo DepressionTests";
				TEST_HOST = "$(BUNDLE_LOADER)";
				WRAPPER_EXTENSION = octest;
			};
			name = Release;
		};
/* End XCBuildConfiguration section */

/* Begin XCConfigurationList section */
		79A6E3B816973E5B00AA68D7 /* Build configuration list for PBXProject "Domo Depression" */ = {
			isa = XCConfigurationList;
			buildConfigurations = (
				79A6E3F516973E5B00AA68D7 /* Debug */,
				79A6E3F616973E5B00AA68D7 /* Release */,
			);
			defaultConfigurationIsVisible = 0;
			defaultConfigurationName = Release;
		};
		79A6E3F716973E5B00AA68D7 /* Build configuration list for PBXNativeTarget "Domo Depression" */ = {
			isa = XCConfigurationList;
			buildConfigurations = (
				79A6E3F816973E5B00AA68D7 /* Debug */,
				79A6E3F916973E5B00AA68D7 /* Release */,
			);
			defaultConfigurationIsVisible = 0;
			defaultConfigurationName = Release;
		};
		79A6E3FA16973E5B00AA68D7 /* Build configuration list for PBXNativeTarget "Domo DepressionTests" */ = {
			isa = XCConfigurationList;
			buildConfigurations = (
				79A6E3FB16973E5B00AA68D7 /* Debug */,
				79A6E3FC16973E5B00AA68D7 /* Release */,
			);
			defaultConfigurationIsVisible = 0;
			defaultConfigurationName = Release;
		};
/* End XCConfigurationList section */

/* Begin XCVersionGroup section */
		79A6E3DC16973E5B00AA68D7 /* Feel_Better__Depression.xcdatamodeld */ = {
			isa = XCVersionGroup;
			children = (
				79A6E3DD16973E5B00AA68D7 /* Feel_Better__Depression.xcdatamodel */,
			);
			currentVersion = 79A6E3DD16973E5B00AA68D7 /* Feel_Better__Depression.xcdatamodel */;
			path = Feel_Better__Depression.xcdatamodeld;
			sourceTree = "<group>";
			versionGroupType = wrapper.xcdatamodel;
		};
/* End XCVersionGroup section */
	};
	rootObject = 79A6E3B516973E5B00AA68D7 /* Project object */;
}
